
Microsoft Visual Studio Solution File, Format Version 12.00
# Visual Studio Version 17
VisualStudioVersion = 17.3.32929.385
MinimumVisualStudioVersion = 10.0.40219.1
Project("{FAE04EC0-301F-11D3-BF4B-00C04F79EFBC}") = "SerializeJSON", "SerializeJSON\SerializeJSON.csproj", "{D49D6811-6DA9-41F8-BC38-D4CF109B2FED}"
EndProject
Global
	GlobalSection(SolutionConfigurationPlatforms) = preSolution
		Debug|Any CPU = Debug|Any CPU
		Release|Any CPU = Release|Any CPU
	EndGlobalSection
	GlobalSection(ProjectConfigurationPlatforms) = postSolution
		{D49D6811-6DA9-41F8-BC38-D4CF109B2FED}.Debug|Any CPU.ActiveCfg = Debug|Any CPU
		{D49D6811-6DA9-41F8-BC38-D4CF109B2FED}.Debug|Any CPU.Build.0 = Debug|Any CPU
		{D49D6811-6DA9-41F8-BC38-D4CF109B2FED}.Release|Any CPU.ActiveCfg = Release|Any CPU
		{D49D6811-6DA9-41F8-BC38-D4CF109B2FED}.Release|Any CPU.Build.0 = Release|Any CPU
	EndGlobalSection
	GlobalSection(SolutionProperties) = preSolution
		HideSolutionNode = FALSE
	EndGlobalSection
	GlobalSection(ExtensibilityGlobals) = postSolution
		SolutionGuid = {38517A34-B965-4B87-A2F0-AB8549FF2C86}
	EndGlobalSection
EndGlobal
